// !$*UTF8*$!
{
	archiveVersion = 1;
	classes = {
	};
	objectVersion = 110;
	objects = {

/* Begin PBXBuildFile section */
		0A71500100000000000000A3 /* TabulaSonoraKit in Frameworks */ = {isa = PBXBuildFile; productRef = 0A71500100000000000000A2 /* TabulaSonoraKit */; };
		0AD5D3A0302A9D42007ADFAD /* TabulaSonoraKit in Frameworks */ = {isa = PBXBuildFile; productRef = 0AD5D3A1302A9D42007ADFAD /* TabulaSonoraKit */; };
		0AD5D393302A9D42007ADFAD /* Tabula Sonora AU.appex in Embed Foundation Extensions */ = {isa = PBXBuildFile; fileRef = 0AD5D36A302A9D42007ADFAD /* Tabula Sonora AU.appex */; settings = {ATTRIBUTES = (RemoveHeadersOnCopy, ); }; };
/* End PBXBuildFile section */

/* Begin PBXContainerItemProxy section */
		0AD5D391302A9D42007ADFAD /* PBXContainerItemProxy */ = {
			isa = PBXContainerItemProxy;
			containerPortal = 0AE70C1430258A96004ED9D6 /* Project object */;
			proxyType = 1;
			remoteGlobalIDString = 0AD5D369302A9D42007ADFAD;
			remoteInfo = "Tabula Sonora AU";
		};
/* End PBXContainerItemProxy section */

/* Begin PBXCopyFilesBuildPhase section */
		0AD5D394302A9D42007ADFAD /* Embed Foundation Extensions */ = {
			isa = PBXCopyFilesBuildPhase;
			dstPath = "";
			dstSubfolder = PlugIns;
			files = (
				0AD5D393302A9D42007ADFAD /* Tabula Sonora AU.appex in Embed Foundation Extensions */,
			);
			name = "Embed Foundation Extensions";
		};
/* End PBXCopyFilesBuildPhase section */

/* Begin PBXFileReference section */
		0AD5D36A302A9D42007ADFAD /* Tabula Sonora AU.appex */ = {isa = PBXFileReference; explicitFileType = "wrapper.app-extension"; includeInIndex = 0; path = "Tabula Sonora AU.appex"; sourceTree = BUILT_PRODUCTS_DIR; };
		0AE70C1C30258A96004ED9D6 /* Tabula Sonora Player.app */ = {isa = PBXFileReference; explicitFileType = wrapper.application; includeInIndex = 0; path = "Tabula Sonora Player.app"; sourceTree = BUILT_PRODUCTS_DIR; };
/* End PBXFileReference section */

/* Begin PBXFileSystemSynchronizedBuildFileExceptionSet section */
		0A71500100000000000000B1 /* Exceptions for "Tabula Sonora Player" folder in "Tabula Sonora Player" target */ = {
			isa = PBXFileSystemSynchronizedBuildFileExceptionSet;
			membershipExceptions = (
				Info.plist,
			);
			target = 0AE70C1B30258A96004ED9D6 /* Tabula Sonora Player */;
		};
		0AD5D398302A9D42007ADFAD /* Exceptions for "Tabula Sonora AU" folder in "Tabula Sonora AU" target */ = {
			isa = PBXFileSystemSynchronizedBuildFileExceptionSet;
			membershipExceptions = (
				Info.plist,
				README.md,
			);
			target = 0AD5D369302A9D42007ADFAD /* Tabula Sonora AU */;
		};
/* End PBXFileSystemSynchronizedBuildFileExceptionSet section */

/* Begin PBXFileSystemSynchronizedRootGroup section */
		0AD5D36B302A9D42007ADFAD /* Tabula Sonora AU */ = {
			isa = PBXFileSystemSynchronizedRootGroup;
			exceptions = (
				0AD5D398302A9D42007ADFAD /* Exceptions for "Tabula Sonora AU" folder in "Tabula Sonora AU" target */,
			);
			path = "Tabula Sonora AU";
			sourceTree = "<group>";
		};
		0AE70C1E30258A96004ED9D6 /* Tabula Sonora Player */ = {
			isa = PBXFileSystemSynchronizedRootGroup;
			exceptions = (
				0A71500100000000000000B1 /* Exceptions for "Tabula Sonora Player" folder in "Tabula Sonora Player" target */,
			);
			path = "Tabula Sonora Player";
			sourceTree = "<group>";
		};
/* End PBXFileSystemSynchronizedRootGroup section */

/* Begin PBXFrameworksBuildPhase section */
		0AD5D367302A9D42007ADFAD /* Frameworks */ = {
			isa = PBXFrameworksBuildPhase;
			files = (
				0AD5D3A0302A9D42007ADFAD /* TabulaSonoraKit in Frameworks */,
			);
		};
		0AE70C1930258A96004ED9D6 /* Frameworks */ = {
			isa = PBXFrameworksBuildPhase;
			files = (
				0A71500100000000000000A3 /* TabulaSonoraKit in Frameworks */,
			);
		};
/* End PBXFrameworksBuildPhase section */

/* Begin PBXGroup section */
		0AE70C1330258A96004ED9D6 = {
			isa = PBXGroup;
			children = (
				0AE70C1E30258A96004ED9D6 /* Tabula Sonora Player */,
				0AD5D36B302A9D42007ADFAD /* Tabula Sonora AU */,
				0AE70C1D30258A96004ED9D6 /* Products */,
			);
			sourceTree = "<group>";
		};
		0AE70C1D30258A96004ED9D6 /* Products */ = {
			isa = PBXGroup;
			children = (
				0AE70C1C30258A96004ED9D6 /* Tabula Sonora Player.app */,
				0AD5D36A302A9D42007ADFAD /* Tabula Sonora AU.appex */,
			);
			name = Products;
			sourceTree = "<group>";
		};
/* End PBXGroup section */

/* Begin PBXNativeTarget section */
		0AD5D369302A9D42007ADFAD /* Tabula Sonora AU */ = {
			isa = PBXNativeTarget;
			buildConfigurationList = 0AD5D397302A9D42007ADFAD /* Build configuration list for PBXNativeTarget "Tabula Sonora AU" */;
			buildPhases = (
				0AD5D366302A9D42007ADFAD /* Sources */,
				0AD5D367302A9D42007ADFAD /* Frameworks */,
				0AD5D368302A9D42007ADFAD /* Resources */,
			);
			buildRules = (
			);
			fileSystemSynchronizedGroups = (
				0AD5D36B302A9D42007ADFAD /* Tabula Sonora AU */,
			);
			name = "Tabula Sonora AU";
			packageProductDependencies = (
				0AD5D3A1302A9D42007ADFAD /* TabulaSonoraKit */,
			);
			productName = "Tabula Sonora AU";
			productReference = 0AD5D36A302A9D42007ADFAD /* Tabula Sonora AU.appex */;
			productType = "com.apple.product-type.app-extension";
		};
		0AE70C1B30258A96004ED9D6 /* Tabula Sonora Player */ = {
			isa = PBXNativeTarget;
			buildConfigurationList = 0AE70C2730258A97004ED9D6 /* Build configuration list for PBXNativeTarget "Tabula Sonora Player" */;
			buildPhases = (
				0AE70C1830258A96004ED9D6 /* Sources */,
				0AE70C1930258A96004ED9D6 /* Frameworks */,
				0AE70C1A30258A96004ED9D6 /* Resources */,
				0AD5D394302A9D42007ADFAD /* Embed Foundation Extensions */,
			);
			buildRules = (
			);
			dependencies = (
				0AD5D392302A9D42007ADFAD /* PBXTargetDependency */,
			);
			fileSystemSynchronizedGroups = (
				0AE70C1E30258A96004ED9D6 /* Tabula Sonora Player */,
			);
			name = "Tabula Sonora Player";
			packageProductDependencies = (
				0A71500100000000000000A2 /* TabulaSonoraKit */,
			);
			productName = "Tabula Sonora Player";
			productReference = 0AE70C1C30258A96004ED9D6 /* Tabula Sonora Player.app */;
			productType = "com.apple.product-type.application";
		};
/* End PBXNativeTarget section */

/* Begin PBXProject section */
		0AE70C1430258A96004ED9D6 /* Project object */ = {
			isa = PBXProject;
			attributes = {
				BuildIndependentTargetsInParallel = 1;
				LastSwiftUpdateCheck = 2700;
				LastUpgradeCheck = 2700;
				TargetAttributes = {
					0AD5D369302A9D42007ADFAD = {
						CreatedOnToolsVersion = 27.0;
					};
					0AE70C1B30258A96004ED9D6 = {
						CreatedOnToolsVersion = 27.0;
					};
				};
			};
			buildConfigurationList = 0AE70C1730258A96004ED9D6 /* Build configuration list for PBXProject "Tabula Sonora Player" */;
			developmentRegion = en;
			hasScannedForEncodings = 0;
			knownRegions = (
				en,
				Base,
				"es-CL",
				ja,
			);
			mainGroup = 0AE70C1330258A96004ED9D6;
			minimizedProjectReferenceProxies = 1;
			packageReferences = (
				0A71500100000000000000A1 /* XCLocalSwiftPackageReference "Packages/TabulaSonoraKit" */,
			);
			preferredProjectObjectVersion = 77;
			productRefGroup = 0AE70C1D30258A96004ED9D6 /* Products */;
			projectDirPath = "";
			projectRoot = "";
			targets = (
				0AE70C1B30258A96004ED9D6 /* Tabula Sonora Player */,
				0AD5D369302A9D42007ADFAD /* Tabula Sonora AU */,
			);
		};
/* End PBXProject section */

/* Begin PBXResourcesBuildPhase section */
		0AD5D368302A9D42007ADFAD /* Resources */ = {
			isa = PBXResourcesBuildPhase;
			files = (
			);
		};
		0AE70C1A30258A96004ED9D6 /* Resources */ = {
			isa = PBXResourcesBuildPhase;
			files = (
			);
		};
/* End PBXResourcesBuildPhase section */

/* Begin PBXSourcesBuildPhase section */
		0AD5D366302A9D42007ADFAD /* Sources */ = {
			isa = PBXSourcesBuildPhase;
			files = (
			);
		};
		0AE70C1830258A96004ED9D6 /* Sources */ = {
			isa = PBXSourcesBuildPhase;
			files = (
			);
		};
/* End PBXSourcesBuildPhase section */

/* Begin PBXTargetDependency section */
		0AD5D392302A9D42007ADFAD /* PBXTargetDependency */ = {
			isa = PBXTargetDependency;
			target = 0AD5D369302A9D42007ADFAD /* Tabula Sonora AU */;
			targetProxy = 0AD5D391302A9D42007ADFAD /* PBXContainerItemProxy */;
		};
/* End PBXTargetDependency section */

/* Begin XCBuildConfiguration section */
		0AD5D395302A9D42007ADFAD /* Debug configuration for PBXNativeTarget "Tabula Sonora AU" */ = {
			isa = XCBuildConfiguration;
			buildSettings = {
				CLANG_CXX_LANGUAGE_STANDARD = "c++20";
				CLANG_CXX_LIBRARY = "libc++";
				CODE_SIGN_ENTITLEMENTS = "Tabula Sonora AU/Tabula Sonora AU.entitlements";
				"CODE_SIGN_ENTITLEMENTS[sdk=macosx*]" = "Tabula Sonora AU/Tabula Sonora AU-macOS.entitlements";
				CODE_SIGN_STYLE = Automatic;
				CURRENT_PROJECT_VERSION = 29;
				DEVELOPMENT_TEAM = 8WHB6LKY28;
				ENABLE_APP_SANDBOX = YES;
				ENABLE_HARDENED_RUNTIME = YES;
				ENABLE_USER_SELECTED_FILES = readonly;
				GENERATE_INFOPLIST_FILE = YES;
				INFOPLIST_FILE = "Tabula Sonora AU/Info.plist";
				HEADER_SEARCH_PATHS = (
					"$(inherited)",
					"$(SRCROOT)/Packages/TabulaSonoraKit/Sources/TabulaSonoraBridge/include",
				);
				INFOPLIST_KEY_CFBundleDisplayName = "Tabula Sonora AU";
				INFOPLIST_KEY_NSHumanReadableCopyright = "";
				IPHONEOS_DEPLOYMENT_TARGET = "$(RECOMMENDED_IPHONEOS_DEPLOYMENT_TARGET)";
				LD_RUNPATH_SEARCH_PATHS = (
					"$(inherited)",
					"@executable_path/Frameworks",
					"@executable_path/../../Frameworks",
				);
				"LD_RUNPATH_SEARCH_PATHS[sdk=macosx*]" = (
					"$(inherited)",
					"@executable_path/../Frameworks",
					"@executable_path/../../../../Frameworks",
				);
				MACOSX_DEPLOYMENT_TARGET = "$(RECOMMENDED_MACOSX_DEPLOYMENT_TARGET)";
				MARKETING_VERSION = 2.0.0;
				PRODUCT_BUNDLE_IDENTIFIER = "co.losno.Tabula-Sonora-Player.Tabula-Sonora-AU";
				PRODUCT_NAME = "$(TARGET_NAME)";
				REGISTER_APP_GROUPS = YES;
				SDKROOT = auto;
				SKIP_INSTALL = YES;
				STRING_CATALOG_GENERATE_SYMBOLS = YES;
				SUPPORTED_PLATFORMS = "iphoneos iphonesimulator macosx";
				SWIFT_APPROACHABLE_CONCURRENCY = YES;
				SWIFT_EMIT_LOC_STRINGS = YES;
				SWIFT_OBJC_BRIDGING_HEADER = "Tabula Sonora AU/Common/Tabula_Sonora_AU-Bridging-Header.h";
				SWIFT_OBJC_INTEROP_MODE = objcxx;
				SWIFT_UPCOMING_FEATURE_MEMBER_IMPORT_VISIBILITY = YES;
				SWIFT_VERSION = 5.0;
				TARGETED_DEVICE_FAMILY = "1,2";
				XROS_DEPLOYMENT_TARGET = 27.0;
			};
			name = Debug;
		};
		0AD5D396302A9D42007ADFAD /* Release configuration for PBXNativeTarget "Tabula Sonora AU" */ = {
			isa = XCBuildConfiguration;
			buildSettings = {
				CLANG_CXX_LANGUAGE_STANDARD = "c++20";
				CLANG_CXX_LIBRARY = "libc++";
				CODE_SIGN_ENTITLEMENTS = "Tabula Sonora AU/Tabula Sonora AU.entitlements";
				"CODE_SIGN_ENTITLEMENTS[sdk=macosx*]" = "Tabula Sonora AU/Tabula Sonora AU-macOS.entitlements";
				CODE_SIGN_STYLE = Automatic;
				CURRENT_PROJECT_VERSION = 29;
				DEVELOPMENT_TEAM = 8WHB6LKY28;
				ENABLE_APP_SANDBOX = YES;
				ENABLE_HARDENED_RUNTIME = YES;
				ENABLE_USER_SELECTED_FILES = readonly;
				GENERATE_INFOPLIST_FILE = YES;
				INFOPLIST_FILE = "Tabula Sonora AU/Info.plist";
				HEADER_SEARCH_PATHS = (
					"$(inherited)",
					"$(SRCROOT)/Packages/TabulaSonoraKit/Sources/TabulaSonoraBridge/include",
				);
				INFOPLIST_KEY_CFBundleDisplayName = "Tabula Sonora AU";
				INFOPLIST_KEY_NSHumanReadableCopyright = "";
				IPHONEOS_DEPLOYMENT_TARGET = "$(RECOMMENDED_IPHONEOS_DEPLOYMENT_TARGET)";
				LD_RUNPATH_SEARCH_PATHS = (
					"$(inherited)",
					"@executable_path/Frameworks",
					"@executable_path/../../Frameworks",
				);
				"LD_RUNPATH_SEARCH_PATHS[sdk=macosx*]" = (
					"$(inherited)",
					"@executable_path/../Frameworks",
					"@executable_path/../../../../Frameworks",
				);
				MACOSX_DEPLOYMENT_TARGET = "$(RECOMMENDED_MACOSX_DEPLOYMENT_TARGET)";
				MARKETING_VERSION = 2.0.0;
				PRODUCT_BUNDLE_IDENTIFIER = "co.losno.Tabula-Sonora-Player.Tabula-Sonora-AU";
				PRODUCT_NAME = "$(TARGET_NAME)";
				REGISTER_APP_GROUPS = YES;
				SDKROOT = auto;
				SKIP_INSTALL = YES;
				STRING_CATALOG_GENERATE_SYMBOLS = YES;
				SUPPORTED_PLATFORMS = "iphoneos iphonesimulator macosx";
				SWIFT_APPROACHABLE_CONCURRENCY = YES;
				SWIFT_EMIT_LOC_STRINGS = YES;
				SWIFT_OBJC_BRIDGING_HEADER = "Tabula Sonora AU/Common/Tabula_Sonora_AU-Bridging-Header.h";
				SWIFT_OBJC_INTEROP_MODE = objcxx;
				SWIFT_UPCOMING_FEATURE_MEMBER_IMPORT_VISIBILITY = YES;
				SWIFT_VERSION = 5.0;
				TARGETED_DEVICE_FAMILY = "1,2";
				XROS_DEPLOYMENT_TARGET = 27.0;
			};
			name = Release;
		};
		0AE70C2530258A97004ED9D6 /* Debug configuration for PBXProject "Tabula Sonora Player" */ = {
			isa = XCBuildConfiguration;
			buildSettings = {
				ALWAYS_SEARCH_USER_PATHS = NO;
				ASSETCATALOG_COMPILER_GENERATE_SWIFT_ASSET_SYMBOL_EXTENSIONS = YES;
				CLANG_ANALYZER_NONNULL = YES;
				CLANG_ANALYZER_NUMBER_OBJECT_CONVERSION = YES_AGGRESSIVE;
				CLANG_CXX_LANGUAGE_STANDARD = "gnu++20";
				CLANG_ENABLE_MODULES = YES;
				CLANG_ENABLE_OBJC_ARC = YES;
				CLANG_ENABLE_OBJC_WEAK = YES;
				CLANG_WARN_BLOCK_CAPTURE_AUTORELEASING = YES;
				CLANG_WARN_BOOL_CONVERSION = YES;
				CLANG_WARN_COMMA = YES;
				CLANG_WARN_CONSTANT_CONVERSION = YES;
				CLANG_WARN_DEPRECATED_OBJC_IMPLEMENTATIONS = YES;
				CLANG_WARN_DIRECT_OBJC_ISA_USAGE = YES_ERROR;
				CLANG_WARN_DOCUMENTATION_COMMENTS = YES;
				CLANG_WARN_EMPTY_BODY = YES;
				CLANG_WARN_ENUM_CONVERSION = YES;
				CLANG_WARN_INFINITE_RECURSION = YES;
				CLANG_WARN_INT_CONVERSION = YES;
				CLANG_WARN_NON_LITERAL_NULL_CONVERSION = YES;
				CLANG_WARN_OBJC_IMPLICIT_RETAIN_SELF = YES;
				CLANG_WARN_OBJC_LITERAL_CONVERSION = YES;
				CLANG_WARN_OBJC_ROOT_CLASS = YES_ERROR;
				CLANG_WARN_QUOTED_INCLUDE_IN_FRAMEWORK_HEADER = YES;
				CLANG_WARN_RANGE_LOOP_ANALYSIS = YES;
				CLANG_WARN_STRICT_PROTOTYPES = YES;
				CLANG_WARN_SUSPICIOUS_MOVE = YES;
				CLANG_WARN_UNGUARDED_AVAILABILITY = YES_AGGRESSIVE;
				CLANG_WARN_UNREACHABLE_CODE = YES;
				CLANG_WARN__DUPLICATE_METHOD_MATCH = YES;
				COPY_PHASE_STRIP = NO;
				DEBUG_INFORMATION_FORMAT = dwarf;
				DEVELOPMENT_TEAM = 8WHB6LKY28;
				ENABLE_STRICT_OBJC_MSGSEND = YES;
				ENABLE_TESTABILITY = YES;
				ENABLE_USER_SCRIPT_SANDBOXING = YES;
				GCC_C_LANGUAGE_STANDARD = gnu17;
				GCC_DYNAMIC_NO_PIC = NO;
				GCC_NO_COMMON_BLOCKS = YES;
				GCC_OPTIMIZATION_LEVEL = 0;
				GCC_PREPROCESSOR_DEFINITIONS = (
					"DEBUG=1",
					"$(inherited)",
				);
				GCC_WARN_64_TO_32_BIT_CONVERSION = YES;
				GCC_WARN_ABOUT_RETURN_TYPE = YES_ERROR;
				GCC_WARN_UNDECLARED_SELECTOR = YES;
				GCC_WARN_UNINITIALIZED_AUTOS = YES_AGGRESSIVE;
				GCC_WARN_UNUSED_FUNCTION = YES;
				GCC_WARN_UNUSED_VARIABLE = YES;
				LOCALIZATION_PREFERS_STRING_CATALOGS = YES;
				MTL_ENABLE_DEBUG_INFO = INCLUDE_SOURCE;
				MTL_FAST_MATH = YES;
				ONLY_ACTIVE_ARCH = YES;
				SWIFT_ACTIVE_COMPILATION_CONDITIONS = "DEBUG $(inherited)";
				SWIFT_EMIT_LOC_STRINGS = YES;
				SWIFT_OPTIMIZATION_LEVEL = "-Onone";
			};
			name = Debug;
		};
		0AE70C2630258A97004ED9D6 /* Release configuration for PBXProject "Tabula Sonora Player" */ = {
			isa = XCBuildConfiguration;
			buildSettings = {
				ALWAYS_SEARCH_USER_PATHS = NO;
				ASSETCATALOG_COMPILER_GENERATE_SWIFT_ASSET_SYMBOL_EXTENSIONS = YES;
				CLANG_ANALYZER_NONNULL = YES;
				CLANG_ANALYZER_NUMBER_OBJECT_CONVERSION = YES_AGGRESSIVE;
				CLANG_CXX_LANGUAGE_STANDARD = "gnu++20";
				CLANG_ENABLE_MODULES = YES;
				CLANG_ENABLE_OBJC_ARC = YES;
				CLANG_ENABLE_OBJC_WEAK = YES;
				CLANG_WARN_BLOCK_CAPTURE_AUTORELEASING = YES;
				CLANG_WARN_BOOL_CONVERSION = YES;
				CLANG_WARN_COMMA = YES;
				CLANG_WARN_CONSTANT_CONVERSION = YES;
				CLANG_WARN_DEPRECATED_OBJC_IMPLEMENTATIONS = YES;
				CLANG_WARN_DIRECT_OBJC_ISA_USAGE = YES_ERROR;
				CLANG_WARN_DOCUMENTATION_COMMENTS = YES;
				CLANG_WARN_EMPTY_BODY = YES;
				CLANG_WARN_ENUM_CONVERSION = YES;
				CLANG_WARN_INFINITE_RECURSION = YES;
				CLANG_WARN_INT_CONVERSION = YES;
				CLANG_WARN_NON_LITERAL_NULL_CONVERSION = YES;
				CLANG_WARN_OBJC_IMPLICIT_RETAIN_SELF = YES;
				CLANG_WARN_OBJC_LITERAL_CONVERSION = YES;
				CLANG_WARN_OBJC_ROOT_CLASS = YES_ERROR;
				CLANG_WARN_QUOTED_INCLUDE_IN_FRAMEWORK_HEADER = YES;
				CLANG_WARN_RANGE_LOOP_ANALYSIS = YES;
				CLANG_WARN_STRICT_PROTOTYPES = YES;
				CLANG_WARN_SUSPICIOUS_MOVE = YES;
				CLANG_WARN_UNGUARDED_AVAILABILITY = YES_AGGRESSIVE;
				CLANG_WARN_UNREACHABLE_CODE = YES;
				CLANG_WARN__DUPLICATE_METHOD_MATCH = YES;
				COPY_PHASE_STRIP = NO;
				DEBUG_INFORMATION_FORMAT = "dwarf-with-dsym";
				DEVELOPMENT_TEAM = 8WHB6LKY28;
				ENABLE_NS_ASSERTIONS = NO;
				ENABLE_STRICT_OBJC_MSGSEND = YES;
				ENABLE_USER_SCRIPT_SANDBOXING = YES;
				GCC_C_LANGUAGE_STANDARD = gnu17;
				GCC_NO_COMMON_BLOCKS = YES;
				GCC_WARN_64_TO_32_BIT_CONVERSION = YES;
				GCC_WARN_ABOUT_RETURN_TYPE = YES_ERROR;
				GCC_WARN_UNDECLARED_SELECTOR = YES;
				GCC_WARN_UNINITIALIZED_AUTOS = YES_AGGRESSIVE;
				GCC_WARN_UNUSED_FUNCTION = YES;
				GCC_WARN_UNUSED_VARIABLE = YES;
				LOCALIZATION_PREFERS_STRING_CATALOGS = YES;
				MTL_ENABLE_DEBUG_INFO = NO;
				MTL_FAST_MATH = YES;
				SWIFT_COMPILATION_MODE = wholemodule;
				SWIFT_EMIT_LOC_STRINGS = YES;
			};
			name = Release;
		};
		0AE70C2830258A97004ED9D6 /* Debug configuration for PBXNativeTarget "Tabula Sonora Player" */ = {
			isa = XCBuildConfiguration;
			buildSettings = {
				ASSETCATALOG_COMPILER_APPICON_NAME = ts;
				ASSETCATALOG_COMPILER_GLOBAL_ACCENT_COLOR_NAME = AccentColor;
				ASSETCATALOG_COMPILER_INCLUDE_ALL_APPICON_ASSETS = YES;
				CODE_SIGN_ENTITLEMENTS = "Tabula Sonora Player/Tabula Sonora Player.entitlements";
				"CODE_SIGN_ENTITLEMENTS[sdk=macosx*]" = "Tabula Sonora Player/Tabula Sonora Player-macOS.entitlements";
				CODE_SIGN_STYLE = Automatic;
				CURRENT_PROJECT_VERSION = 29;
				DEVELOPMENT_TEAM = 8WHB6LKY28;
				ENABLE_APP_SANDBOX = YES;
				ENABLE_HARDENED_RUNTIME = YES;
				ENABLE_PREVIEWS = YES;
				ENABLE_USER_SELECTED_FILES = readwrite;
				GENERATE_INFOPLIST_FILE = YES;
				INFOPLIST_FILE = "Tabula Sonora Player/Info.plist";
				INFOPLIST_KEY_LSApplicationCategoryType = "public.app-category.music";
				"INFOPLIST_KEY_UIApplicationSceneManifest_Generation[sdk=iphoneos*]" = YES;
				"INFOPLIST_KEY_UIApplicationSceneManifest_Generation[sdk=iphonesimulator*]" = YES;
				"INFOPLIST_KEY_UIApplicationSupportsIndirectInputEvents[sdk=iphoneos*]" = YES;
				"INFOPLIST_KEY_UIApplicationSupportsIndirectInputEvents[sdk=iphonesimulator*]" = YES;
				"INFOPLIST_KEY_UILaunchScreen_Generation[sdk=iphoneos*]" = YES;
				"INFOPLIST_KEY_UILaunchScreen_Generation[sdk=iphonesimulator*]" = YES;
				INFOPLIST_KEY_UILaunchStoryboardName = "";
				"INFOPLIST_KEY_UIStatusBarStyle[sdk=iphoneos*]" = UIStatusBarStyleDefault;
				"INFOPLIST_KEY_UIStatusBarStyle[sdk=iphonesimulator*]" = UIStatusBarStyleDefault;
				INFOPLIST_KEY_UISupportedInterfaceOrientations_iPad = "UIInterfaceOrientationPortrait UIInterfaceOrientationPortraitUpsideDown UIInterfaceOrientationLandscapeLeft UIInterfaceOrientationLandscapeRight";
				INFOPLIST_KEY_UISupportedInterfaceOrientations_iPhone = "UIInterfaceOrientationPortrait UIInterfaceOrientationLandscapeLeft UIInterfaceOrientationLandscapeRight";
				IPHONEOS_DEPLOYMENT_TARGET = "$(RECOMMENDED_IPHONEOS_DEPLOYMENT_TARGET)";
				LD_RUNPATH_SEARCH_PATHS = "@executable_path/Frameworks";
				"LD_RUNPATH_SEARCH_PATHS[sdk=macosx*]" = "@executable_path/../Frameworks";
				MACOSX_DEPLOYMENT_TARGET = "$(RECOMMENDED_MACOSX_DEPLOYMENT_TARGET)";
				MARKETING_VERSION = 2.0.0;
				PRODUCT_BUNDLE_IDENTIFIER = "co.losno.Tabula-Sonora-Player";
				PRODUCT_NAME = "$(TARGET_NAME)";
				REGISTER_APP_GROUPS = YES;
				SDKROOT = auto;
				STRING_CATALOG_GENERATE_SYMBOLS = YES;
				SUPPORTED_PLATFORMS = "iphoneos iphonesimulator macosx";
				SUPPORTS_MACCATALYST = NO;
				SWIFT_APPROACHABLE_CONCURRENCY = YES;
				SWIFT_DEFAULT_ACTOR_ISOLATION = MainActor;
				SWIFT_EMIT_LOC_STRINGS = YES;
				SWIFT_UPCOMING_FEATURE_MEMBER_IMPORT_VISIBILITY = YES;
				SWIFT_VERSION = 5.0;
				TARGETED_DEVICE_FAMILY = "1,2";
				XROS_DEPLOYMENT_TARGET = 27.0;
			};
			name = Debug;
		};
		0AE70C2930258A97004ED9D6 /* Release configuration for PBXNativeTarget "Tabula Sonora Player" */ = {
			isa = XCBuildConfiguration;
			buildSettings = {
				ASSETCATALOG_COMPILER_APPICON_NAME = ts;
				ASSETCATALOG_COMPILER_GLOBAL_ACCENT_COLOR_NAME = AccentColor;
				ASSETCATALOG_COMPILER_INCLUDE_ALL_APPICON_ASSETS = YES;
				CODE_SIGN_ENTITLEMENTS = "Tabula Sonora Player/Tabula Sonora Player.entitlements";
				"CODE_SIGN_ENTITLEMENTS[sdk=macosx*]" = "Tabula Sonora Player/Tabula Sonora Player-macOS.entitlements";
				CODE_SIGN_STYLE = Automatic;
				CURRENT_PROJECT_VERSION = 29;
				DEVELOPMENT_TEAM = 8WHB6LKY28;
				ENABLE_APP_SANDBOX = YES;
				ENABLE_HARDENED_RUNTIME = YES;
				ENABLE_PREVIEWS = YES;
				ENABLE_USER_SELECTED_FILES = readwrite;
				GENERATE_INFOPLIST_FILE = YES;
				INFOPLIST_FILE = "Tabula Sonora Player/Info.plist";
				INFOPLIST_KEY_LSApplicationCategoryType = "public.app-category.music";
				"INFOPLIST_KEY_UIApplicationSceneManifest_Generation[sdk=iphoneos*]" = YES;
				"INFOPLIST_KEY_UIApplicationSceneManifest_Generation[sdk=iphonesimulator*]" = YES;
				"INFOPLIST_KEY_UIApplicationSupportsIndirectInputEvents[sdk=iphoneos*]" = YES;
				"INFOPLIST_KEY_UIApplicationSupportsIndirectInputEvents[sdk=iphonesimulator*]" = YES;
				"INFOPLIST_KEY_UILaunchScreen_Generation[sdk=iphoneos*]" = YES;
				"INFOPLIST_KEY_UILaunchScreen_Generation[sdk=iphonesimulator*]" = YES;
				INFOPLIST_KEY_UILaunchStoryboardName = "";
				"INFOPLIST_KEY_UIStatusBarStyle[sdk=iphoneos*]" = UIStatusBarStyleDefault;
				"INFOPLIST_KEY_UIStatusBarStyle[sdk=iphonesimulator*]" = UIStatusBarStyleDefault;
				INFOPLIST_KEY_UISupportedInterfaceOrientations_iPad = "UIInterfaceOrientationPortrait UIInterfaceOrientationPortraitUpsideDown UIInterfaceOrientationLandscapeLeft UIInterfaceOrientationLandscapeRight";
				INFOPLIST_KEY_UISupportedInterfaceOrientations_iPhone = "UIInterfaceOrientationPortrait UIInterfaceOrientationLandscapeLeft UIInterfaceOrientationLandscapeRight";
				IPHONEOS_DEPLOYMENT_TARGET = "$(RECOMMENDED_IPHONEOS_DEPLOYMENT_TARGET)";
				LD_RUNPATH_SEARCH_PATHS = "@executable_path/Frameworks";
				"LD_RUNPATH_SEARCH_PATHS[sdk=macosx*]" = "@executable_path/../Frameworks";
				MACOSX_DEPLOYMENT_TARGET = "$(RECOMMENDED_MACOSX_DEPLOYMENT_TARGET)";
				MARKETING_VERSION = 2.0.0;
				PRODUCT_BUNDLE_IDENTIFIER = "co.losno.Tabula-Sonora-Player";
				PRODUCT_NAME = "$(TARGET_NAME)";
				REGISTER_APP_GROUPS = YES;
				SDKROOT = auto;
				STRING_CATALOG_GENERATE_SYMBOLS = YES;
				SUPPORTED_PLATFORMS = "iphoneos iphonesimulator macosx";
				SUPPORTS_MACCATALYST = NO;
				SWIFT_APPROACHABLE_CONCURRENCY = YES;
				SWIFT_DEFAULT_ACTOR_ISOLATION = MainActor;
				SWIFT_EMIT_LOC_STRINGS = YES;
				SWIFT_UPCOMING_FEATURE_MEMBER_IMPORT_VISIBILITY = YES;
				SWIFT_VERSION = 5.0;
				TARGETED_DEVICE_FAMILY = "1,2";
				XROS_DEPLOYMENT_TARGET = 27.0;
			};
			name = Release;
		};
/* End XCBuildConfiguration section */

/* Begin XCConfigurationList section */
		0AD5D397302A9D42007ADFAD /* Build configuration list for PBXNativeTarget "Tabula Sonora AU" */ = {
			isa = XCConfigurationList;
			buildConfigurations = (
				0AD5D395302A9D42007ADFAD /* Debug configuration for PBXNativeTarget "Tabula Sonora AU" */,
				0AD5D396302A9D42007ADFAD /* Release configuration for PBXNativeTarget "Tabula Sonora AU" */,
			);
			defaultConfigurationName = Release;
		};
		0AE70C1730258A96004ED9D6 /* Build configuration list for PBXProject "Tabula Sonora Player" */ = {
			isa = XCConfigurationList;
			buildConfigurations = (
				0AE70C2530258A97004ED9D6 /* Debug configuration for PBXProject "Tabula Sonora Player" */,
				0AE70C2630258A97004ED9D6 /* Release configuration for PBXProject "Tabula Sonora Player" */,
			);
			defaultConfigurationName = Release;
		};
		0AE70C2730258A97004ED9D6 /* Build configuration list for PBXNativeTarget "Tabula Sonora Player" */ = {
			isa = XCConfigurationList;
			buildConfigurations = (
				0AE70C2830258A97004ED9D6 /* Debug configuration for PBXNativeTarget "Tabula Sonora Player" */,
				0AE70C2930258A97004ED9D6 /* Release configuration for PBXNativeTarget "Tabula Sonora Player" */,
			);
			defaultConfigurationName = Release;
		};
/* End XCConfigurationList section */

/* Begin XCLocalSwiftPackageReference section */
		0A71500100000000000000A1 /* XCLocalSwiftPackageReference "Packages/TabulaSonoraKit" */ = {
			isa = XCLocalSwiftPackageReference;
			relativePath = Packages/TabulaSonoraKit;
		};
/* End XCLocalSwiftPackageReference section */

/* Begin XCSwiftPackageProductDependency section */
		0A71500100000000000000A2 /* TabulaSonoraKit */ = {
			isa = XCSwiftPackageProductDependency;
			productName = TabulaSonoraKit;
		};
		0AD5D3A1302A9D42007ADFAD /* TabulaSonoraKit */ = {
			isa = XCSwiftPackageProductDependency;
			productName = TabulaSonoraKit;
		};
/* End XCSwiftPackageProductDependency section */
	};
	rootObject = 0AE70C1430258A96004ED9D6 /* Project object */;
	validationLevel = 1;
}
